
Microsoft Visual Studio Solution File, Format Version 12.00
# Visual Studio 15
VisualStudioVersion = 15.0.28307.168
MinimumVisualStudioVersion = 10.0.40219.1
Project("{FAE04EC0-301F-11D3-BF4B-00C04F79EFBC}") = "ConsoleApp6", "ConsoleApp6\ConsoleApp6.csproj", "{ACD6FA06-723B-4848-B29A-DBD0DF04970F}"
EndProject
Global
	GlobalSection(SolutionConfigurationPlatforms) = preSolution
		Debug|Any CPU = Debug|Any CPU
		Release|Any CPU = Release|Any CPU
	EndGlobalSection
	GlobalSection(ProjectConfigurationPlatforms) = postSolution
		{ACD6FA06-723B-4848-B29A-DBD0DF04970F}.Debug|Any CPU.ActiveCfg = Debug|Any CPU
		{ACD6FA06-723B-4848-B29A-DBD0DF04970F}.Debug|Any CPU.Build.0 = Debug|Any CPU
		{ACD6FA06-723B-4848-B29A-DBD0DF04970F}.Release|Any CPU.ActiveCfg = Release|Any CPU
		{ACD6FA06-723B-4848-B29A-DBD0DF04970F}.Release|Any CPU.Build.0 = Release|Any CPU
	EndGlobalSection
	GlobalSection(SolutionProperties) = preSolution
		HideSolutionNode = FALSE
	EndGlobalSection
	GlobalSection(ExtensibilityGlobals) = postSolution
		SolutionGuid = {336576A1-8837-42F0-8D07-AE1F771E5B68}
	EndGlobalSection
EndGlobal
