
Microsoft Visual Studio Solution File, Format Version 11.00
# Visual Studio 2010
Project("{FAE04EC0-301F-11D3-BF4B-00C04F79EFBC}") = "Assembly-CSharp", "Assembly-CSharp.csproj", "{D155DC0E-28BF-160A-2247-99006D550085}"
EndProject
Project("{FAE04EC0-301F-11D3-BF4B-00C04F79EFBC}") = "Assembly-CSharp-Editor", "Assembly-CSharp-Editor.csproj", "{CDB6A3A0-2264-AA3B-E639-EB3063B26336}"
EndProject
Global
	GlobalSection(SolutionConfigurationPlatforms) = preSolution
		Debug|Any CPU = Debug|Any CPU
		Release|Any CPU = Release|Any CPU
	EndGlobalSection
	GlobalSection(ProjectConfigurationPlatforms) = postSolution
		{D155DC0E-28BF-160A-2247-99006D550085}.Debug|Any CPU.ActiveCfg = Debug|Any CPU
		{D155DC0E-28BF-160A-2247-99006D550085}.Debug|Any CPU.Build.0 = Debug|Any CPU
		{D155DC0E-28BF-160A-2247-99006D550085}.Release|Any CPU.ActiveCfg = Release|Any CPU
		{D155DC0E-28BF-160A-2247-99006D550085}.Release|Any CPU.Build.0 = Release|Any CPU
		{CDB6A3A0-2264-AA3B-E639-EB3063B26336}.Debug|Any CPU.ActiveCfg = Debug|Any CPU
		{CDB6A3A0-2264-AA3B-E639-EB3063B26336}.Debug|Any CPU.Build.0 = Debug|Any CPU
		{CDB6A3A0-2264-AA3B-E639-EB3063B26336}.Release|Any CPU.ActiveCfg = Release|Any CPU
		{CDB6A3A0-2264-AA3B-E639-EB3063B26336}.Release|Any CPU.Build.0 = Release|Any CPU
	EndGlobalSection
	GlobalSection(SolutionProperties) = preSolution
		HideSolutionNode = FALSE
	EndGlobalSection
	GlobalSection(MonoDevelopProperties) = preSolution
		StartupItem = Assembly-CSharp.csproj
	EndGlobalSection
EndGlobal
